// !$*UTF8*$!
{
	archiveVersion = 1;
	classes = {
	};
	objectVersion = 56;
	objects = {

/* Begin PBXBuildFile section */
		81204D3A2AF19081008EC413 /* FileManagerService.swift in Sources */ = {isa = PBXBuildFile; fileRef = 81204D392AF19081008EC413 /* FileManagerService.swift */; };
		81204D3E2AF1A53B008EC413 /* AppCoordinator.swift in Sources */ = {isa = PBXBuildFile; fileRef = 81204D3D2AF1A53B008EC413 /* AppCoordinator.swift */; };
		81204D412AF4370C008EC413 /* ImagePicker.swift in Sources */ = {isa = PBXBuildFile; fileRef = 81204D402AF4370C008EC413 /* ImagePicker.swift */; };
		81204D432AF9090A008EC413 /* AuthorizationViewController.swift in Sources */ = {isa = PBXBuildFile; fileRef = 81204D422AF9090A008EC413 /* AuthorizationViewController.swift */; };
		81204D462AF931EB008EC413 /* CustomButton.swift in Sources */ = {isa = PBXBuildFile; fileRef = 81204D452AF931EB008EC413 /* CustomButton.swift */; };
		81204D482AF9320E008EC413 /* CustomTextField.swift in Sources */ = {isa = PBXBuildFile; fileRef = 81204D472AF9320E008EC413 /* CustomTextField.swift */; };
		81204D4B2AF93758008EC413 /* SnapKit in Frameworks */ = {isa = PBXBuildFile; productRef = 81204D4A2AF93758008EC413 /* SnapKit */; };
		81204D4D2AF93758008EC413 /* SnapKit-Dynamic in Frameworks */ = {isa = PBXBuildFile; productRef = 81204D4C2AF93758008EC413 /* SnapKit-Dynamic */; };
		81204D502AF938F6008EC413 /* KeychainSwift in Frameworks */ = {isa = PBXBuildFile; productRef = 81204D4F2AF938F6008EC413 /* KeychainSwift */; };
		81204D522AF94FCE008EC413 /* KeychainService.swift in Sources */ = {isa = PBXBuildFile; fileRef = 81204D512AF94FCE008EC413 /* KeychainService.swift */; };
		81204D542AFAD120008EC413 /* TabBarCoordinator.swift in Sources */ = {isa = PBXBuildFile; fileRef = 81204D532AFAD120008EC413 /* TabBarCoordinator.swift */; };
		81204D562AFAD3A4008EC413 /* Coordinatable.swift in Sources */ = {isa = PBXBuildFile; fileRef = 81204D552AFAD3A4008EC413 /* Coordinatable.swift */; };
		81204D582AFAD6EB008EC413 /* FileManagerCoordinator.swift in Sources */ = {isa = PBXBuildFile; fileRef = 81204D572AFAD6EB008EC413 /* FileManagerCoordinator.swift */; };
		81204D5A2AFADB98008EC413 /* SettingsCoordinator.swift in Sources */ = {isa = PBXBuildFile; fileRef = 81204D592AFADB98008EC413 /* SettingsCoordinator.swift */; };
		81204D5C2AFADF8E008EC413 /* SettingsViewController.swift in Sources */ = {isa = PBXBuildFile; fileRef = 81204D5B2AFADF8E008EC413 /* SettingsViewController.swift */; };
		81204D5F2AFE1F53008EC413 /* SettingsModel.swift in Sources */ = {isa = PBXBuildFile; fileRef = 81204D5E2AFE1F53008EC413 /* SettingsModel.swift */; };
		81204D622AFE2272008EC413 /* SettingsTableViewCell.swift in Sources */ = {isa = PBXBuildFile; fileRef = 81204D612AFE2272008EC413 /* SettingsTableViewCell.swift */; };
		81204D642AFE3FDC008EC413 /* SettingsService.swift in Sources */ = {isa = PBXBuildFile; fileRef = 81204D632AFE3FDC008EC413 /* SettingsService.swift */; };
		8157990F2AF039670070FD5B /* AppDelegate.swift in Sources */ = {isa = PBXBuildFile; fileRef = 8157990E2AF039670070FD5B /* AppDelegate.swift */; };
		815799112AF039670070FD5B /* SceneDelegate.swift in Sources */ = {isa = PBXBuildFile; fileRef = 815799102AF039670070FD5B /* SceneDelegate.swift */; };
		815799182AF039680070FD5B /* Assets.xcassets in Resources */ = {isa = PBXBuildFile; fileRef = 815799172AF039680070FD5B /* Assets.xcassets */; };
		8157991B2AF039680070FD5B /* LaunchScreen.storyboard in Resources */ = {isa = PBXBuildFile; fileRef = 815799192AF039680070FD5B /* LaunchScreen.storyboard */; };
		815799242AF03B7F0070FD5B /* FileManagerViewController.swift in Sources */ = {isa = PBXBuildFile; fileRef = 815799232AF03B7F0070FD5B /* FileManagerViewController.swift */; };
/* End PBXBuildFile section */

/* Begin PBXFileReference section */
		81204D392AF19081008EC413 /* FileManagerService.swift */ = {isa = PBXFileReference; lastKnownFileType = sourcecode.swift; path = FileManagerService.swift; sourceTree = "<group>"; };
		81204D3D2AF1A53B008EC413 /* AppCoordinator.swift */ = {isa = PBXFileReference; lastKnownFileType = sourcecode.swift; path = AppCoordinator.swift; sourceTree = "<group>"; };
		81204D402AF4370C008EC413 /* ImagePicker.swift */ = {isa = PBXFileReference; lastKnownFileType = sourcecode.swift; path = ImagePicker.swift; sourceTree = "<group>"; };
		81204D422AF9090A008EC413 /* AuthorizationViewController.swift */ = {isa = PBXFileReference; lastKnownFileType = sourcecode.swift; path = AuthorizationViewController.swift; sourceTree = "<group>"; };
		81204D452AF931EB008EC413 /* CustomButton.swift */ = {isa = PBXFileReference; lastKnownFileType = sourcecode.swift; path = CustomButton.swift; sourceTree = "<group>"; };
		81204D472AF9320E008EC413 /* CustomTextField.swift */ = {isa = PBXFileReference; lastKnownFileType = sourcecode.swift; path = CustomTextField.swift; sourceTree = "<group>"; };
		81204D512AF94FCE008EC413 /* KeychainService.swift */ = {isa = PBXFileReference; lastKnownFileType = sourcecode.swift; path = KeychainService.swift; sourceTree = "<group>"; };
		81204D532AFAD120008EC413 /* TabBarCoordinator.swift */ = {isa = PBXFileReference; lastKnownFileType = sourcecode.swift; path = TabBarCoordinator.swift; sourceTree = "<group>"; };
		81204D552AFAD3A4008EC413 /* Coordinatable.swift */ = {isa = PBXFileReference; lastKnownFileType = sourcecode.swift; path = Coordinatable.swift; sourceTree = "<group>"; };
		81204D572AFAD6EB008EC413 /* FileManagerCoordinator.swift */ = {isa = PBXFileReference; lastKnownFileType = sourcecode.swift; path = FileManagerCoordinator.swift; sourceTree = "<group>"; };
		81204D592AFADB98008EC413 /* SettingsCoordinator.swift */ = {isa = PBXFileReference; lastKnownFileType = sourcecode.swift; path = SettingsCoordinator.swift; sourceTree = "<group>"; };
		81204D5B2AFADF8E008EC413 /* SettingsViewController.swift */ = {isa = PBXFileReference; lastKnownFileType = sourcecode.swift; path = SettingsViewController.swift; sourceTree = "<group>"; };
		81204D5E2AFE1F53008EC413 /* SettingsModel.swift */ = {isa = PBXFileReference; lastKnownFileType = sourcecode.swift; path = SettingsModel.swift; sourceTree = "<group>"; };
		81204D612AFE2272008EC413 /* SettingsTableViewCell.swift */ = {isa = PBXFileReference; lastKnownFileType = sourcecode.swift; path = SettingsTableViewCell.swift; sourceTree = "<group>"; };
		81204D632AFE3FDC008EC413 /* SettingsService.swift */ = {isa = PBXFileReference; lastKnownFileType = sourcecode.swift; path = SettingsService.swift; sourceTree = "<group>"; };
		8157990B2AF039670070FD5B /* FileManager.app */ = {isa = PBXFileReference; explicitFileType = wrapper.application; includeInIndex = 0; path = FileManager.app; sourceTree = BUILT_PRODUCTS_DIR; };
		8157990E2AF039670070FD5B /* AppDelegate.swift */ = {isa = PBXFileReference; lastKnownFileType = sourcecode.swift; path = AppDelegate.swift; sourceTree = "<group>"; };
		815799102AF039670070FD5B /* SceneDelegate.swift */ = {isa = PBXFileReference; lastKnownFileType = sourcecode.swift; path = SceneDelegate.swift; sourceTree = "<group>"; };
		815799172AF039680070FD5B /* Assets.xcassets */ = {isa = PBXFileReference; lastKnownFileType = folder.assetcatalog; path = Assets.xcassets; sourceTree = "<group>"; };
		8157991A2AF039680070FD5B /* Base */ = {isa = PBXFileReference; lastKnownFileType = file.storyboard; name = Base; path = Base.lproj/LaunchScreen.storyboard; sourceTree = "<group>"; };
		8157991C2AF039680070FD5B /* Info.plist */ = {isa = PBXFileReference; lastKnownFileType = text.plist.xml; path = Info.plist; sourceTree = "<group>"; };
		815799232AF03B7F0070FD5B /* FileManagerViewController.swift */ = {isa = PBXFileReference; lastKnownFileType = sourcecode.swift; path = FileManagerViewController.swift; sourceTree = "<group>"; };
/* End PBXFileReference section */

/* Begin PBXFrameworksBuildPhase section */
		815799082AF039670070FD5B /* Frameworks */ = {
			isa = PBXFrameworksBuildPhase;
			buildActionMask = 2147483647;
			files = (
				81204D502AF938F6008EC413 /* KeychainSwift in Frameworks */,
				81204D4B2AF93758008EC413 /* SnapKit in Frameworks */,
				81204D4D2AF93758008EC413 /* SnapKit-Dynamic in Frameworks */,
			);
			runOnlyForDeploymentPostprocessing = 0;
		};
/* End PBXFrameworksBuildPhase section */

/* Begin PBXGroup section */
		81204D382AF19074008EC413 /* Services */ = {
			isa = PBXGroup;
			children = (
				81204D392AF19081008EC413 /* FileManagerService.swift */,
				81204D402AF4370C008EC413 /* ImagePicker.swift */,
				81204D512AF94FCE008EC413 /* KeychainService.swift */,
				81204D632AFE3FDC008EC413 /* SettingsService.swift */,
			);
			path = Services;
			sourceTree = "<group>";
		};
		81204D3C2AF1A52B008EC413 /* Coordinators */ = {
			isa = PBXGroup;
			children = (
				81204D552AFAD3A4008EC413 /* Coordinatable.swift */,
				81204D3D2AF1A53B008EC413 /* AppCoordinator.swift */,
				81204D532AFAD120008EC413 /* TabBarCoordinator.swift */,
				81204D572AFAD6EB008EC413 /* FileManagerCoordinator.swift */,
				81204D592AFADB98008EC413 /* SettingsCoordinator.swift */,
			);
			path = Coordinators;
			sourceTree = "<group>";
		};
		81204D442AF9319A008EC413 /* CastomUI */ = {
			isa = PBXGroup;
			children = (
				81204D472AF9320E008EC413 /* CustomTextField.swift */,
				81204D452AF931EB008EC413 /* CustomButton.swift */,
			);
			path = CastomUI;
			sourceTree = "<group>";
		};
		81204D5D2AFE1F3F008EC413 /* Models */ = {
			isa = PBXGroup;
			children = (
				81204D5E2AFE1F53008EC413 /* SettingsModel.swift */,
			);
			path = Models;
			sourceTree = "<group>";
		};
		81204D602AFE2251008EC413 /* Cells */ = {
			isa = PBXGroup;
			children = (
				81204D612AFE2272008EC413 /* SettingsTableViewCell.swift */,
			);
			path = Cells;
			sourceTree = "<group>";
		};
		815799022AF039670070FD5B = {
			isa = PBXGroup;
			children = (
				8157990D2AF039670070FD5B /* FileManager */,
				8157990C2AF039670070FD5B /* Products */,
			);
			sourceTree = "<group>";
		};
		8157990C2AF039670070FD5B /* Products */ = {
			isa = PBXGroup;
			children = (
				8157990B2AF039670070FD5B /* FileManager.app */,
			);
			name = Products;
			sourceTree = "<group>";
		};
		8157990D2AF039670070FD5B /* FileManager */ = {
			isa = PBXGroup;
			children = (
				815799222AF03ABD0070FD5B /* Aplication */,
				81204D382AF19074008EC413 /* Services */,
				81204D442AF9319A008EC413 /* CastomUI */,
				81204D3C2AF1A52B008EC413 /* Coordinators */,
				815799252AF03D5E0070FD5B /* Controllers */,
				81204D5D2AFE1F3F008EC413 /* Models */,
				81204D602AFE2251008EC413 /* Cells */,
				815799172AF039680070FD5B /* Assets.xcassets */,
				815799192AF039680070FD5B /* LaunchScreen.storyboard */,
				8157991C2AF039680070FD5B /* Info.plist */,
			);
			path = FileManager;
			sourceTree = "<group>";
		};
		815799222AF03ABD0070FD5B /* Aplication */ = {
			isa = PBXGroup;
			children = (
				8157990E2AF039670070FD5B /* AppDelegate.swift */,
				815799102AF039670070FD5B /* SceneDelegate.swift */,
			);
			path = Aplication;
			sourceTree = "<group>";
		};
		815799252AF03D5E0070FD5B /* Controllers */ = {
			isa = PBXGroup;
			children = (
				81204D422AF9090A008EC413 /* AuthorizationViewController.swift */,
				815799232AF03B7F0070FD5B /* FileManagerViewController.swift */,
				81204D5B2AFADF8E008EC413 /* SettingsViewController.swift */,
			);
			path = Controllers;
			sourceTree = "<group>";
		};
/* End PBXGroup section */

/* Begin PBXNativeTarget section */
		8157990A2AF039670070FD5B /* FileManager */ = {
			isa = PBXNativeTarget;
			buildConfigurationList = 8157991F2AF039680070FD5B /* Build configuration list for PBXNativeTarget "FileManager" */;
			buildPhases = (
				815799072AF039670070FD5B /* Sources */,
				815799082AF039670070FD5B /* Frameworks */,
				815799092AF039670070FD5B /* Resources */,
			);
			buildRules = (
			);
			dependencies = (
			);
			name = FileManager;
			packageProductDependencies = (
				81204D4A2AF93758008EC413 /* SnapKit */,
				81204D4C2AF93758008EC413 /* SnapKit-Dynamic */,
				81204D4F2AF938F6008EC413 /* KeychainSwift */,
			);
			productName = FileManager;
			productReference = 8157990B2AF039670070FD5B /* FileManager.app */;
			productType = "com.apple.product-type.application";
		};
/* End PBXNativeTarget section */

/* Begin PBXProject section */
		815799032AF039670070FD5B /* Project object */ = {
			isa = PBXProject;
			attributes = {
				BuildIndependentTargetsInParallel = 1;
				LastSwiftUpdateCheck = 1500;
				LastUpgradeCheck = 1500;
				TargetAttributes = {
					8157990A2AF039670070FD5B = {
						CreatedOnToolsVersion = 15.0.1;
					};
				};
			};
			buildConfigurationList = 815799062AF039670070FD5B /* Build configuration list for PBXProject "FileManager" */;
			compatibilityVersion = "Xcode 14.0";
			developmentRegion = en;
			hasScannedForEncodings = 0;
			knownRegions = (
				en,
				Base,
			);
			mainGroup = 815799022AF039670070FD5B;
			packageReferences = (
				81204D492AF93758008EC413 /* XCRemoteSwiftPackageReference "SnapKit" */,
				81204D4E2AF938F6008EC413 /* XCRemoteSwiftPackageReference "keychain-swift" */,
			);
			productRefGroup = 8157990C2AF039670070FD5B /* Products */;
			projectDirPath = "";
			projectRoot = "";
			targets = (
				8157990A2AF039670070FD5B /* FileManager */,
			);
		};
/* End PBXProject section */

/* Begin PBXResourcesBuildPhase section */
		815799092AF039670070FD5B /* Resources */ = {
			isa = PBXResourcesBuildPhase;
			buildActionMask = 2147483647;
			files = (
				8157991B2AF039680070FD5B /* LaunchScreen.storyboard in Resources */,
				815799182AF039680070FD5B /* Assets.xcassets in Resources */,
			);
			runOnlyForDeploymentPostprocessing = 0;
		};
/* End PBXResourcesBuildPhase section */

/* Begin PBXSourcesBuildPhase section */
		815799072AF039670070FD5B /* Sources */ = {
			isa = PBXSourcesBuildPhase;
			buildActionMask = 2147483647;
			files = (
				81204D642AFE3FDC008EC413 /* SettingsService.swift in Sources */,
				81204D5F2AFE1F53008EC413 /* SettingsModel.swift in Sources */,
				81204D432AF9090A008EC413 /* AuthorizationViewController.swift in Sources */,
				81204D3A2AF19081008EC413 /* FileManagerService.swift in Sources */,
				815799242AF03B7F0070FD5B /* FileManagerViewController.swift in Sources */,
				81204D522AF94FCE008EC413 /* KeychainService.swift in Sources */,
				81204D5A2AFADB98008EC413 /* SettingsCoordinator.swift in Sources */,
				81204D412AF4370C008EC413 /* ImagePicker.swift in Sources */,
				81204D562AFAD3A4008EC413 /* Coordinatable.swift in Sources */,
				81204D462AF931EB008EC413 /* CustomButton.swift in Sources */,
				81204D5C2AFADF8E008EC413 /* SettingsViewController.swift in Sources */,
				81204D542AFAD120008EC413 /* TabBarCoordinator.swift in Sources */,
				81204D622AFE2272008EC413 /* SettingsTableViewCell.swift in Sources */,
				81204D3E2AF1A53B008EC413 /* AppCoordinator.swift in Sources */,
				8157990F2AF039670070FD5B /* AppDelegate.swift in Sources */,
				815799112AF039670070FD5B /* SceneDelegate.swift in Sources */,
				81204D482AF9320E008EC413 /* CustomTextField.swift in Sources */,
				81204D582AFAD6EB008EC413 /* FileManagerCoordinator.swift in Sources */,
			);
			runOnlyForDeploymentPostprocessing = 0;
		};
/* End PBXSourcesBuildPhase section */

/* Begin PBXVariantGroup section */
		815799192AF039680070FD5B /* LaunchScreen.storyboard */ = {
			isa = PBXVariantGroup;
			children = (
				8157991A2AF039680070FD5B /* Base */,
			);
			name = LaunchScreen.storyboard;
			sourceTree = "<group>";
		};
/* End PBXVariantGroup section */

/* Begin XCBuildConfiguration section */
		8157991D2AF039680070FD5B /* Debug */ = {
			isa = XCBuildConfiguration;
			buildSettings = {
				ALWAYS_SEARCH_USER_PATHS = NO;
				ASSETCATALOG_COMPILER_GENERATE_SWIFT_ASSET_SYMBOL_EXTENSIONS = YES;
				CLANG_ANALYZER_NONNULL = YES;
				CLANG_ANALYZER_NUMBER_OBJECT_CONVERSION = YES_AGGRESSIVE;
				CLANG_CXX_LANGUAGE_STANDARD = "gnu++20";
				CLANG_ENABLE_MODULES = YES;
				CLANG_ENABLE_OBJC_ARC = YES;
				CLANG_ENABLE_OBJC_WEAK = YES;
				CLANG_WARN_BLOCK_CAPTURE_AUTORELEASING = YES;
				CLANG_WARN_BOOL_CONVERSION = YES;
				CLANG_WARN_COMMA = YES;
				CLANG_WARN_CONSTANT_CONVERSION = YES;
				CLANG_WARN_DEPRECATED_OBJC_IMPLEMENTATIONS = YES;
				CLANG_WARN_DIRECT_OBJC_ISA_USAGE = YES_ERROR;
				CLANG_WARN_DOCUMENTATION_COMMENTS = YES;
				CLANG_WARN_EMPTY_BODY = YES;
				CLANG_WARN_ENUM_CONVERSION = YES;
				CLANG_WARN_INFINITE_RECURSION = YES;
				CLANG_WARN_INT_CONVERSION = YES;
				CLANG_WARN_NON_LITERAL_NULL_CONVERSION = YES;
				CLANG_WARN_OBJC_IMPLICIT_RETAIN_SELF = YES;
				CLANG_WARN_OBJC_LITERAL_CONVERSION = YES;
				CLANG_WARN_OBJC_ROOT_CLASS = YES_ERROR;
				CLANG_WARN_QUOTED_INCLUDE_IN_FRAMEWORK_HEADER = YES;
				CLANG_WARN_RANGE_LOOP_ANALYSIS = YES;
				CLANG_WARN_STRICT_PROTOTYPES = YES;
				CLANG_WARN_SUSPICIOUS_MOVE = YES;
				CLANG_WARN_UNGUARDED_AVAILABILITY = YES_AGGRESSIVE;
				CLANG_WARN_UNREACHABLE_CODE = YES;
				CLANG_WARN__DUPLICATE_METHOD_MATCH = YES;
				COPY_PHASE_STRIP = NO;
				DEBUG_INFORMATION_FORMAT = dwarf;
				ENABLE_STRICT_OBJC_MSGSEND = YES;
				ENABLE_TESTABILITY = YES;
				ENABLE_USER_SCRIPT_SANDBOXING = YES;
				GCC_C_LANGUAGE_STANDARD = gnu17;
				GCC_DYNAMIC_NO_PIC = NO;
				GCC_NO_COMMON_BLOCKS = YES;
				GCC_OPTIMIZATION_LEVEL = 0;
				GCC_PREPROCESSOR_DEFINITIONS = (
					"DEBUG=1",
					"$(inherited)",
				);
				GCC_WARN_64_TO_32_BIT_CONVERSION = YES;
				GCC_WARN_ABOUT_RETURN_TYPE = YES_ERROR;
				GCC_WARN_UNDECLARED_SELECTOR = YES;
				GCC_WARN_UNINITIALIZED_AUTOS = YES_AGGRESSIVE;
				GCC_WARN_UNUSED_FUNCTION = YES;
				GCC_WARN_UNUSED_VARIABLE = YES;
				IPHONEOS_DEPLOYMENT_TARGET = 17.0;
				LOCALIZATION_PREFERS_STRING_CATALOGS = YES;
				MTL_ENABLE_DEBUG_INFO = INCLUDE_SOURCE;
				MTL_FAST_MATH = YES;
				ONLY_ACTIVE_ARCH = YES;
				SDKROOT = iphoneos;
				SWIFT_ACTIVE_COMPILATION_CONDITIONS = "DEBUG $(inherited)";
				SWIFT_OPTIMIZATION_LEVEL = "-Onone";
			};
			name = Debug;
		};
		8157991E2AF039680070FD5B /* Release */ = {
			isa = XCBuildConfiguration;
			buildSettings = {
				ALWAYS_SEARCH_USER_PATHS = NO;
				ASSETCATALOG_COMPILER_GENERATE_SWIFT_ASSET_SYMBOL_EXTENSIONS = YES;
				CLANG_ANALYZER_NONNULL = YES;
				CLANG_ANALYZER_NUMBER_OBJECT_CONVERSION = YES_AGGRESSIVE;
				CLANG_CXX_LANGUAGE_STANDARD = "gnu++20";
				CLANG_ENABLE_MODULES = YES;
				CLANG_ENABLE_OBJC_ARC = YES;
				CLANG_ENABLE_OBJC_WEAK = YES;
				CLANG_WARN_BLOCK_CAPTURE_AUTORELEASING = YES;
				CLANG_WARN_BOOL_CONVERSION = YES;
				CLANG_WARN_COMMA = YES;
				CLANG_WARN_CONSTANT_CONVERSION = YES;
				CLANG_WARN_DEPRECATED_OBJC_IMPLEMENTATIONS = YES;
				CLANG_WARN_DIRECT_OBJC_ISA_USAGE = YES_ERROR;
				CLANG_WARN_DOCUMENTATION_COMMENTS = YES;
				CLANG_WARN_EMPTY_BODY = YES;
				CLANG_WARN_ENUM_CONVERSION = YES;
				CLANG_WARN_INFINITE_RECURSION = YES;
				CLANG_WARN_INT_CONVERSION = YES;
				CLANG_WARN_NON_LITERAL_NULL_CONVERSION = YES;
				CLANG_WARN_OBJC_IMPLICIT_RETAIN_SELF = YES;
				CLANG_WARN_OBJC_LITERAL_CONVERSION = YES;
				CLANG_WARN_OBJC_ROOT_CLASS = YES_ERROR;
				CLANG_WARN_QUOTED_INCLUDE_IN_FRAMEWORK_HEADER = YES;
				CLANG_WARN_RANGE_LOOP_ANALYSIS = YES;
				CLANG_WARN_STRICT_PROTOTYPES = YES;
				CLANG_WARN_SUSPICIOUS_MOVE = YES;
				CLANG_WARN_UNGUARDED_AVAILABILITY = YES_AGGRESSIVE;
				CLANG_WARN_UNREACHABLE_CODE = YES;
				CLANG_WARN__DUPLICATE_METHOD_MATCH = YES;
				COPY_PHASE_STRIP = NO;
				DEBUG_INFORMATION_FORMAT = "dwarf-with-dsym";
				ENABLE_NS_ASSERTIONS = NO;
				ENABLE_STRICT_OBJC_MSGSEND = YES;
				ENABLE_USER_SCRIPT_SANDBOXING = YES;
				GCC_C_LANGUAGE_STANDARD = gnu17;
				GCC_NO_COMMON_BLOCKS = YES;
				GCC_WARN_64_TO_32_BIT_CONVERSION = YES;
				GCC_WARN_ABOUT_RETURN_TYPE = YES_ERROR;
				GCC_WARN_UNDECLARED_SELECTOR = YES;
				GCC_WARN_UNINITIALIZED_AUTOS = YES_AGGRESSIVE;
				GCC_WARN_UNUSED_FUNCTION = YES;
				GCC_WARN_UNUSED_VARIABLE = YES;
				IPHONEOS_DEPLOYMENT_TARGET = 17.0;
				LOCALIZATION_PREFERS_STRING_CATALOGS = YES;
				MTL_ENABLE_DEBUG_INFO = NO;
				MTL_FAST_MATH = YES;
				SDKROOT = iphoneos;
				SWIFT_COMPILATION_MODE = wholemodule;
				VALIDATE_PRODUCT = YES;
			};
			name = Release;
		};
		815799202AF039680070FD5B /* Debug */ = {
			isa = XCBuildConfiguration;
			buildSettings = {
				ASSETCATALOG_COMPILER_APPICON_NAME = AppIcon;
				ASSETCATALOG_COMPILER_GLOBAL_ACCENT_COLOR_NAME = AccentColor;
				CODE_SIGN_STYLE = Automatic;
				CURRENT_PROJECT_VERSION = 1;
				GENERATE_INFOPLIST_FILE = YES;
				INFOPLIST_FILE = FileManager/Info.plist;
				INFOPLIST_KEY_UIApplicationSupportsIndirectInputEvents = YES;
				INFOPLIST_KEY_UILaunchStoryboardName = LaunchScreen;
				INFOPLIST_KEY_UISupportedInterfaceOrientations_iPad = "UIInterfaceOrientationPortrait UIInterfaceOrientationPortraitUpsideDown UIInterfaceOrientationLandscapeLeft UIInterfaceOrientationLandscapeRight";
				INFOPLIST_KEY_UISupportedInterfaceOrientations_iPhone = "UIInterfaceOrientationPortrait UIInterfaceOrientationLandscapeLeft UIInterfaceOrientationLandscapeRight";
				IPHONEOS_DEPLOYMENT_TARGET = 16.4;
				LD_RUNPATH_SEARCH_PATHS = (
					"$(inherited)",
					"@executable_path/Frameworks",
				);
				MARKETING_VERSION = 1.0;
				PRODUCT_BUNDLE_IDENTIFIER = Golovanov.FileManager;
				PRODUCT_NAME = "$(TARGET_NAME)";
				SWIFT_EMIT_LOC_STRINGS = YES;
				SWIFT_VERSION = 5.0;
				TARGETED_DEVICE_FAMILY = "1,2";
			};
			name = Debug;
		};
		815799212AF039680070FD5B /* Release */ = {
			isa = XCBuildConfiguration;
			buildSettings = {
				ASSETCATALOG_COMPILER_APPICON_NAME = AppIcon;
				ASSETCATALOG_COMPILER_GLOBAL_ACCENT_COLOR_NAME = AccentColor;
				CODE_SIGN_STYLE = Automatic;
				CURRENT_PROJECT_VERSION = 1;
				GENERATE_INFOPLIST_FILE = YES;
				INFOPLIST_FILE = FileManager/Info.plist;
				INFOPLIST_KEY_UIApplicationSupportsIndirectInputEvents = YES;
				INFOPLIST_KEY_UILaunchStoryboardName = LaunchScreen;
				INFOPLIST_KEY_UISupportedInterfaceOrientations_iPad = "UIInterfaceOrientationPortrait UIInterfaceOrientationPortraitUpsideDown UIInterfaceOrientationLandscapeLeft UIInterfaceOrientationLandscapeRight";
				INFOPLIST_KEY_UISupportedInterfaceOrientations_iPhone = "UIInterfaceOrientationPortrait UIInterfaceOrientationLandscapeLeft UIInterfaceOrientationLandscapeRight";
				IPHONEOS_DEPLOYMENT_TARGET = 16.4;
				LD_RUNPATH_SEARCH_PATHS = (
					"$(inherited)",
					"@executable_path/Frameworks",
				);
				MARKETING_VERSION = 1.0;
				PRODUCT_BUNDLE_IDENTIFIER = Golovanov.FileManager;
				PRODUCT_NAME = "$(TARGET_NAME)";
				SWIFT_EMIT_LOC_STRINGS = YES;
				SWIFT_VERSION = 5.0;
				TARGETED_DEVICE_FAMILY = "1,2";
			};
			name = Release;
		};
/* End XCBuildConfiguration section */

/* Begin XCConfigurationList section */
		815799062AF039670070FD5B /* Build configuration list for PBXProject "FileManager" */ = {
			isa = XCConfigurationList;
			buildConfigurations = (
				8157991D2AF039680070FD5B /* Debug */,
				8157991E2AF039680070FD5B /* Release */,
			);
			defaultConfigurationIsVisible = 0;
			defaultConfigurationName = Release;
		};
		8157991F2AF039680070FD5B /* Build configuration list for PBXNativeTarget "FileManager" */ = {
			isa = XCConfigurationList;
			buildConfigurations = (
				815799202AF039680070FD5B /* Debug */,
				815799212AF039680070FD5B /* Release */,
			);
			defaultConfigurationIsVisible = 0;
			defaultConfigurationName = Release;
		};
/* End XCConfigurationList section */

/* Begin XCRemoteSwiftPackageReference section */
		81204D492AF93758008EC413 /* XCRemoteSwiftPackageReference "SnapKit" */ = {
			isa = XCRemoteSwiftPackageReference;
			repositoryURL = "https://github.com/SnapKit/SnapKit.git";
			requirement = {
				kind = upToNextMajorVersion;
				minimumVersion = 5.6.0;
			};
		};
		81204D4E2AF938F6008EC413 /* XCRemoteSwiftPackageReference "keychain-swift" */ = {
			isa = XCRemoteSwiftPackageReference;
			repositoryURL = "https://github.com/evgenyneu/keychain-swift.git";
			requirement = {
				kind = upToNextMajorVersion;
				minimumVersion = 20.0.0;
			};
		};
/* End XCRemoteSwiftPackageReference section */

/* Begin XCSwiftPackageProductDependency section */
		81204D4A2AF93758008EC413 /* SnapKit */ = {
			isa = XCSwiftPackageProductDependency;
			package = 81204D492AF93758008EC413 /* XCRemoteSwiftPackageReference "SnapKit" */;
			productName = SnapKit;
		};
		81204D4C2AF93758008EC413 /* SnapKit-Dynamic */ = {
			isa = XCSwiftPackageProductDependency;
			package = 81204D492AF93758008EC413 /* XCRemoteSwiftPackageReference "SnapKit" */;
			productName = "SnapKit-Dynamic";
		};
		81204D4F2AF938F6008EC413 /* KeychainSwift */ = {
			isa = XCSwiftPackageProductDependency;
			package = 81204D4E2AF938F6008EC413 /* XCRemoteSwiftPackageReference "keychain-swift" */;
			productName = KeychainSwift;
		};
/* End XCSwiftPackageProductDependency section */
	};
	rootObject = 815799032AF039670070FD5B /* Project object */;
}
